
Microsoft Visual Studio Solution File, Format Version 12.00
# Visual Studio Version 17
VisualStudioVersion = 17.5.33414.496
MinimumVisualStudioVersion = 10.0.40219.1
Project("{FAE04EC0-301F-11D3-BF4B-00C04F79EFBC}") = "FiveMArtifactsDownloader", "FiveMArtifactsDownloader\FiveMArtifactsDownloader.csproj", "{2E2E2B27-B7F2-4349-925A-D626359981A5}"
EndProject
Global
	GlobalSection(SolutionConfigurationPlatforms) = preSolution
		Debug|Any CPU = Debug|Any CPU
		Release|Any CPU = Release|Any CPU
	EndGlobalSection
	GlobalSection(ProjectConfigurationPlatforms) = postSolution
		{2E2E2B27-B7F2-4349-925A-D626359981A5}.Debug|Any CPU.ActiveCfg = Debug|Any CPU
		{2E2E2B27-B7F2-4349-925A-D626359981A5}.Debug|Any CPU.Build.0 = Debug|Any CPU
		{2E2E2B27-B7F2-4349-925A-D626359981A5}.Release|Any CPU.ActiveCfg = Release|Any CPU
		{2E2E2B27-B7F2-4349-925A-D626359981A5}.Release|Any CPU.Build.0 = Release|Any CPU
	EndGlobalSection
	GlobalSection(SolutionProperties) = preSolution
		HideSolutionNode = FALSE
	EndGlobalSection
	GlobalSection(ExtensibilityGlobals) = postSolution
		SolutionGuid = {5974AC59-5B23-4668-8AAC-A94EC89E0D21}
	EndGlobalSection
EndGlobal
